{
  "object": {
    "pins": [
      {
        "package": "SnapKit",
        "repositoryURL": "https://github.com/SnapKit/SnapKit.git",
        "state": {
          "branch": null,
          "revision": "d458564516e5676af9c70b4f4b2a9178294f1bc6",
          "version": "5.0.1"
        }
      },
      {
        "package": "SwiftMessages",
        "repositoryURL": "https://github.com/SwiftKickMobile/SwiftMessages.git",
        "state": {
          "branch": null,
          "revision": "1e49de7b3780b69927bc3e61903d8ec0693a3dc5",
          "version": "9.0.5"
        }
      },
      {
        "package": "WhiteTownUI",
        "repositoryURL": "https://github.com/whitetown/WhiteTownUI.git",
        "state": {
          "branch": "master",
          "revision": "0514c7595571ad3f1d8805c7756bd7ba1b5b3d8a",
          "version": null
        }
      }
    ]
  },
  "version": 1
}
